
Microsoft Visual Studio Solution File, Format Version 12.00
# Visual Studio Version 17
VisualStudioVersion = 17.13.35919.96
MinimumVisualStudioVersion = 10.0.40219.1
Project("{2150E333-8FDC-42A3-9474-1A3956D46DE8}") = "src", "src", "{02EA681E-C7D8-13C7-8484-4AC65E1B71E8}"
EndProject
Project("{2150E333-8FDC-42A3-9474-1A3956D46DE8}") = "tests", "tests", "{63F5A0B2-5808-4C13-A991-9A0477418724}"
EndProject
Project("{2150E333-8FDC-42A3-9474-1A3956D46DE8}") = "libraries", "libraries", "{1539A37C-4ADF-4303-9BC6-656967828B4A}"
EndProject
Project("{2150E333-8FDC-42A3-9474-1A3956D46DE8}") = "Account", "Account", "{BF1BD815-8C34-4F35-A9F4-D0C96B66745E}"
EndProject
Project("{2150E333-8FDC-42A3-9474-1A3956D46DE8}") = "Projects", "Projects", "{85E0B990-C1F3-4C88-9F51-9291E7E432BB}"
EndProject
Project("{2150E333-8FDC-42A3-9474-1A3956D46DE8}") = "Core", "Core", "{B5B6A16A-197E-415E-9612-2F333FE9EAEE}"
EndProject
Project("{FAE04EC0-301F-11D3-BF4B-00C04F79EFBC}") = "Core.Abstraction", "libraries\Core.Abstraction\Core.Abstraction.csproj", "{3519D66E-9FD1-4991-94DA-FBBFA78E1620}"
EndProject
Project("{FAE04EC0-301F-11D3-BF4B-00C04F79EFBC}") = "Core.Implementation.MongoDbDriver", "libraries\Core.Implementation.MongoDbDriver\Core.Implementation.MongoDbDriver.csproj", "{A95C5267-D3BB-400D-AA35-A2298F91FD0B}"
EndProject
Project("{FAE04EC0-301F-11D3-BF4B-00C04F79EFBC}") = "Core.Implementation.Telemetry", "libraries\Core.Implementation.Telemetry\Core.Implementation.Telemetry.csproj", "{C7B56E6D-1E41-4BDA-AADC-5F219DA24805}"
EndProject
Project("{FAE04EC0-301F-11D3-BF4B-00C04F79EFBC}") = "Core.Implementation.Logging", "libraries\Core.Implementation.Logging\Core.Implementation.Logging.csproj", "{3E3A714D-BA80-4565-886D-68654D65D42D}"
EndProject
Project("{FAE04EC0-301F-11D3-BF4B-00C04F79EFBC}") = "Core.Implementation.ServicesAssembly", "libraries\Core.Implementation.ServicesAssembly\Core.Implementation.ServicesAssembly.csproj", "{78A68CD3-748B-46AD-9695-FCCA7FDF1628}"
EndProject
Project("{2150E333-8FDC-42A3-9474-1A3956D46DE8}") = "Users", "Users", "{C3DECCEE-D47E-47D1-B163-570F86C4F458}"
EndProject
Project("{FAE04EC0-301F-11D3-BF4B-00C04F79EFBC}") = "Account.Users.WebApi", "src\Account.Users.WebApi\Account.Users.WebApi.csproj", "{7CA8092D-748A-4C92-8BAE-D388045761EB}"
EndProject
Project("{FAE04EC0-301F-11D3-BF4B-00C04F79EFBC}") = "Account.Users.Domain", "src\Account.Users.Domain\Account.Users.Domain.csproj", "{E1D992D6-561A-48A1-A17A-D6275E79D866}"
EndProject
Project("{FAE04EC0-301F-11D3-BF4B-00C04F79EFBC}") = "Account.Users.Application", "src\Account.Users.Application\Account.Users.Application.csproj", "{1DB34636-5565-48CE-88C2-1BB640CE8BA6}"
EndProject
Project("{FAE04EC0-301F-11D3-BF4B-00C04F79EFBC}") = "Account.Users.Infrastructure", "src\Account.Users.Infrastructure\Account.Users.Infrastructure.csproj", "{7A38090E-93AC-4CEA-8849-188D3C321AF6}"
EndProject
Project("{E53339B2-1760-4266-BCC7-CA923CBCF16C}") = "docker-compose", "docker-compose.dcproj", "{81DDED9D-158B-E303-5F62-77A2896D2A5A}"
EndProject
Project("{2150E333-8FDC-42A3-9474-1A3956D46DE8}") = "Identity", "Identity", "{E8BE4E1D-FF91-4890-B0A6-1CE0EA14C1D7}"
EndProject
Project("{2150E333-8FDC-42A3-9474-1A3956D46DE8}") = "Notifications", "Notifications", "{1BE776E9-8C21-4B79-9FAC-0ED8CAA54D8C}"
EndProject
Project("{FAE04EC0-301F-11D3-BF4B-00C04F79EFBC}") = "Account.Notifications.Domain", "src\Account.Notifications.Domain\Account.Notifications.Domain.csproj", "{FED47ECB-4C99-49BE-8372-03909A4D1392}"
EndProject
Project("{FAE04EC0-301F-11D3-BF4B-00C04F79EFBC}") = "Account.Notifications.Application", "src\Account.Notifications.Application\Account.Notifications.Application.csproj", "{29FD6DAF-7E01-4712-BD45-10611BC52348}"
EndProject
Project("{FAE04EC0-301F-11D3-BF4B-00C04F79EFBC}") = "Account.Notifications.Infrastructure", "src\Account.Notifications.Infrastructure\Account.Notifications.Infrastructure.csproj", "{26E46783-1CC1-45FD-844D-2FFEB6CE8EA6}"
EndProject
Project("{FAE04EC0-301F-11D3-BF4B-00C04F79EFBC}") = "Account.Notifications.WebApi", "src\Account.Notifications.WebApi\Account.Notifications.WebApi.csproj", "{2B05B71C-6926-43FB-9D75-96C3736A3506}"
EndProject
Project("{FAE04EC0-301F-11D3-BF4B-00C04F79EFBC}") = "Account.Identity.Domain", "src\Account.Identity.Domain\Account.Identity.Domain.csproj", "{44803AA3-E324-41E5-B08A-FBD5D9B524F2}"
EndProject
Project("{FAE04EC0-301F-11D3-BF4B-00C04F79EFBC}") = "Account.Identity.Application", "src\Account.Identity.Application\Account.Identity.Application.csproj", "{92D94365-629F-49FA-88FB-ECA0A57AC1FB}"
EndProject
Project("{FAE04EC0-301F-11D3-BF4B-00C04F79EFBC}") = "Account.Identity.Infrastructure", "src\Account.Identity.Infrastructure\Account.Identity.Infrastructure.csproj", "{F56730CB-9C4F-4A1F-9988-681A08CA98FD}"
EndProject
Project("{FAE04EC0-301F-11D3-BF4B-00C04F79EFBC}") = "Account.Identity.WebApi", "src\Account.Identity.WebApi\Account.Identity.WebApi.csproj", "{BED76A53-FCC3-44CE-AA21-40CCC8C155E2}"
EndProject
Project("{2150E333-8FDC-42A3-9474-1A3956D46DE8}") = "WB", "WB", "{404B3D45-86CC-4AEA-8C25-DC3001FA0671}"
EndProject
Project("{2150E333-8FDC-42A3-9474-1A3956D46DE8}") = "Aggregator", "Aggregator", "{8B5FE50B-8FC2-429D-8B4F-1AAB134567F1}"
EndProject
Project("{2150E333-8FDC-42A3-9474-1A3956D46DE8}") = "Ozon", "Ozon", "{7E6DF30B-20DB-43A1-AE6B-BAF812D82F83}"
EndProject
Project("{FAE04EC0-301F-11D3-BF4B-00C04F79EFBC}") = "Core.Implementation.MongoDbDriver.Outbox", "libraries\Core.Implementation.MongoDbDriver.Outbox\Core.Implementation.MongoDbDriver.Outbox.csproj", "{668427B6-BCD2-4083-8407-F4AA50A1F277}"
EndProject
Project("{FAE04EC0-301F-11D3-BF4B-00C04F79EFBC}") = "Core.Application", "libraries\Core.Application\Core.Application.csproj", "{7478ADE0-2D96-4BE2-B6FB-364479577A59}"
EndProject
Project("{FAE04EC0-301F-11D3-BF4B-00C04F79EFBC}") = "Core.Contracts.Messages", "libraries\Core.Contracts.Messages\Core.Contracts.Messages.csproj", "{CA01C29D-A021-4C1A-9D57-08EDC6A25839}"
EndProject
Project("{FAE04EC0-301F-11D3-BF4B-00C04F79EFBC}") = "Core.Contracts.Grpc", "libraries\Core.Contracts.Grpc\Core.Contracts.Grpc.csproj", "{BE3C5BD5-81C4-41A3-A854-C2399AF383D7}"
EndProject
Project("{2150E333-8FDC-42A3-9474-1A3956D46DE8}") = "Permissions", "Permissions", "{19A2EB00-706A-4161-A333-E23C6CAC3A51}"
EndProject
Project("{FAE04EC0-301F-11D3-BF4B-00C04F79EFBC}") = "Account.Permissions.Domain", "src\Account.Permissions.Domain\Account.Permissions.Domain.csproj", "{20E71B5F-E826-45DA-8F95-E8F04E51CCFC}"
EndProject
Project("{FAE04EC0-301F-11D3-BF4B-00C04F79EFBC}") = "Account.Permissions.Application", "src\Account.Permissions.Application\Account.Permissions.Application.csproj", "{DF5ACC32-7F8B-45C9-8328-926C6834A267}"
EndProject
Project("{FAE04EC0-301F-11D3-BF4B-00C04F79EFBC}") = "Account.Permissions.Infrastructure", "src\Account.Permissions.Infrastructure\Account.Permissions.Infrastructure.csproj", "{D8A63C26-A06A-4C77-9841-B55358ED022C}"
EndProject
Project("{FAE04EC0-301F-11D3-BF4B-00C04F79EFBC}") = "Account.Permissions.GrpcService", "src\Account.Permissions.GrpcService\Account.Permissions.GrpcService.csproj", "{F437B341-532F-4095-B5A0-1C0C7C247619}"
EndProject
Project("{2150E333-8FDC-42A3-9474-1A3956D46DE8}") = "Common", "Common", "{3814B4AA-0A42-4D0F-9072-75AD06BB2A1A}"
EndProject
Project("{FAE04EC0-301F-11D3-BF4B-00C04F79EFBC}") = "Account.Identity.GrpcService", "src\Account.Identity.GrpcService\Account.Identity.GrpcService.csproj", "{3D5D6DDC-43DA-4098-9FC0-FCA0A2A0A05C}"
EndProject
Project("{FAE04EC0-301F-11D3-BF4B-00C04F79EFBC}") = "Core.Contracts.Config", "libraries\Core.Contracts.Config\Core.Contracts.Config.csproj", "{0B731C40-086B-4BAD-87A3-05A119AD51D9}"
EndProject
Project("{FAE04EC0-301F-11D3-BF4B-00C04F79EFBC}") = "Core.Implementation.Config", "libraries\Core.Implementation.Config\Core.Implementation.Config.csproj", "{4BF6C3BC-2DB4-4A84-B526-A2BF4D41DAA2}"
EndProject
Project("{FAE04EC0-301F-11D3-BF4B-00C04F79EFBC}") = "Core.Implementation.EntityFramework", "libraries\Core.Implementation.EntityFramework\Core.Implementation.EntityFramework.csproj", "{6132EAC0-4175-4017-B2A7-87F7043BA96B}"
EndProject
Project("{FAE04EC0-301F-11D3-BF4B-00C04F79EFBC}") = "Core.Implementation.EntityFramework.Outbox", "libraries\Core.Implementation.EntityFramework.Outbox\Core.Implementation.EntityFramework.Outbox.csproj", "{69BEEF67-DDA1-4023-B2F6-F7BE93EB6872}"
EndProject
Project("{2150E333-8FDC-42A3-9474-1A3956D46DE8}") = "SagaOrchestration", "SagaOrchestration", "{5E369B2F-FCCF-4034-ABB4-9B944CE00B61}"
EndProject
Project("{FAE04EC0-301F-11D3-BF4B-00C04F79EFBC}") = "Common.SagaOrchestration.Domain", "src\Common.SagaOrchestration.Domain\Common.SagaOrchestration.Domain.csproj", "{C87E5690-5271-4D10-8323-8460076799BD}"
EndProject
Project("{FAE04EC0-301F-11D3-BF4B-00C04F79EFBC}") = "Common.SagaOrchestration.Application", "src\Common.SagaOrchestration.Application\Common.SagaOrchestration.Application.csproj", "{58011DCF-E17B-4DED-ADB8-6893B2233F40}"
EndProject
Project("{FAE04EC0-301F-11D3-BF4B-00C04F79EFBC}") = "Common.SagaOrchestration.Infrastructure", "src\Common.SagaOrchestration.Infrastructure\Common.SagaOrchestration.Infrastructure.csproj", "{68E384A7-E485-4F21-BC0B-8D5CC2A6C27A}"
EndProject
Project("{FAE04EC0-301F-11D3-BF4B-00C04F79EFBC}") = "Common.SagaOrchestration.GrpcService", "src\Common.SagaOrchestration.GrpcService\Common.SagaOrchestration.GrpcService.csproj", "{920276D4-20A3-40BF-8F1D-D16F2E35A60B}"
EndProject
Project("{FAE04EC0-301F-11D3-BF4B-00C04F79EFBC}") = "Account.Users.GrpcService", "src\Account.Users.GrpcService\Account.Users.GrpcService.csproj", "{47568A8E-22AE-4074-A809-E936EDBC5A36}"
EndProject
Project("{FAE04EC0-301F-11D3-BF4B-00C04F79EFBC}") = "Core.Implementation.GrpcClients", "libraries\Core.Implementation.GrpcClients\Core.Implementation.GrpcClients.csproj", "{506F1C03-1C1D-4086-87E7-077D4E553198}"
EndProject
Global
	GlobalSection(SolutionConfigurationPlatforms) = preSolution
		Debug|Any CPU = Debug|Any CPU
		Release|Any CPU = Release|Any CPU
	EndGlobalSection
	GlobalSection(ProjectConfigurationPlatforms) = postSolution
		{3519D66E-9FD1-4991-94DA-FBBFA78E1620}.Debug|Any CPU.ActiveCfg = Debug|Any CPU
		{3519D66E-9FD1-4991-94DA-FBBFA78E1620}.Debug|Any CPU.Build.0 = Debug|Any CPU
		{3519D66E-9FD1-4991-94DA-FBBFA78E1620}.Release|Any CPU.ActiveCfg = Release|Any CPU
		{3519D66E-9FD1-4991-94DA-FBBFA78E1620}.Release|Any CPU.Build.0 = Release|Any CPU
		{A95C5267-D3BB-400D-AA35-A2298F91FD0B}.Debug|Any CPU.ActiveCfg = Debug|Any CPU
		{A95C5267-D3BB-400D-AA35-A2298F91FD0B}.Debug|Any CPU.Build.0 = Debug|Any CPU
		{A95C5267-D3BB-400D-AA35-A2298F91FD0B}.Release|Any CPU.ActiveCfg = Release|Any CPU
		{A95C5267-D3BB-400D-AA35-A2298F91FD0B}.Release|Any CPU.Build.0 = Release|Any CPU
		{C7B56E6D-1E41-4BDA-AADC-5F219DA24805}.Debug|Any CPU.ActiveCfg = Debug|Any CPU
		{C7B56E6D-1E41-4BDA-AADC-5F219DA24805}.Debug|Any CPU.Build.0 = Debug|Any CPU
		{C7B56E6D-1E41-4BDA-AADC-5F219DA24805}.Release|Any CPU.ActiveCfg = Release|Any CPU
		{C7B56E6D-1E41-4BDA-AADC-5F219DA24805}.Release|Any CPU.Build.0 = Release|Any CPU
		{3E3A714D-BA80-4565-886D-68654D65D42D}.Debug|Any CPU.ActiveCfg = Debug|Any CPU
		{3E3A714D-BA80-4565-886D-68654D65D42D}.Debug|Any CPU.Build.0 = Debug|Any CPU
		{3E3A714D-BA80-4565-886D-68654D65D42D}.Release|Any CPU.ActiveCfg = Release|Any CPU
		{3E3A714D-BA80-4565-886D-68654D65D42D}.Release|Any CPU.Build.0 = Release|Any CPU
		{78A68CD3-748B-46AD-9695-FCCA7FDF1628}.Debug|Any CPU.ActiveCfg = Debug|Any CPU
		{78A68CD3-748B-46AD-9695-FCCA7FDF1628}.Debug|Any CPU.Build.0 = Debug|Any CPU
		{78A68CD3-748B-46AD-9695-FCCA7FDF1628}.Release|Any CPU.ActiveCfg = Release|Any CPU
		{78A68CD3-748B-46AD-9695-FCCA7FDF1628}.Release|Any CPU.Build.0 = Release|Any CPU
		{7CA8092D-748A-4C92-8BAE-D388045761EB}.Debug|Any CPU.ActiveCfg = Debug|Any CPU
		{7CA8092D-748A-4C92-8BAE-D388045761EB}.Debug|Any CPU.Build.0 = Debug|Any CPU
		{7CA8092D-748A-4C92-8BAE-D388045761EB}.Release|Any CPU.ActiveCfg = Release|Any CPU
		{7CA8092D-748A-4C92-8BAE-D388045761EB}.Release|Any CPU.Build.0 = Release|Any CPU
		{E1D992D6-561A-48A1-A17A-D6275E79D866}.Debug|Any CPU.ActiveCfg = Debug|Any CPU
		{E1D992D6-561A-48A1-A17A-D6275E79D866}.Debug|Any CPU.Build.0 = Debug|Any CPU
		{E1D992D6-561A-48A1-A17A-D6275E79D866}.Release|Any CPU.ActiveCfg = Release|Any CPU
		{E1D992D6-561A-48A1-A17A-D6275E79D866}.Release|Any CPU.Build.0 = Release|Any CPU
		{1DB34636-5565-48CE-88C2-1BB640CE8BA6}.Debug|Any CPU.ActiveCfg = Debug|Any CPU
		{1DB34636-5565-48CE-88C2-1BB640CE8BA6}.Debug|Any CPU.Build.0 = Debug|Any CPU
		{1DB34636-5565-48CE-88C2-1BB640CE8BA6}.Release|Any CPU.ActiveCfg = Release|Any CPU
		{1DB34636-5565-48CE-88C2-1BB640CE8BA6}.Release|Any CPU.Build.0 = Release|Any CPU
		{7A38090E-93AC-4CEA-8849-188D3C321AF6}.Debug|Any CPU.ActiveCfg = Debug|Any CPU
		{7A38090E-93AC-4CEA-8849-188D3C321AF6}.Debug|Any CPU.Build.0 = Debug|Any CPU
		{7A38090E-93AC-4CEA-8849-188D3C321AF6}.Release|Any CPU.ActiveCfg = Release|Any CPU
		{7A38090E-93AC-4CEA-8849-188D3C321AF6}.Release|Any CPU.Build.0 = Release|Any CPU
		{81DDED9D-158B-E303-5F62-77A2896D2A5A}.Debug|Any CPU.ActiveCfg = Debug|Any CPU
		{81DDED9D-158B-E303-5F62-77A2896D2A5A}.Debug|Any CPU.Build.0 = Debug|Any CPU
		{81DDED9D-158B-E303-5F62-77A2896D2A5A}.Release|Any CPU.ActiveCfg = Release|Any CPU
		{81DDED9D-158B-E303-5F62-77A2896D2A5A}.Release|Any CPU.Build.0 = Release|Any CPU
		{FED47ECB-4C99-49BE-8372-03909A4D1392}.Debug|Any CPU.ActiveCfg = Debug|Any CPU
		{FED47ECB-4C99-49BE-8372-03909A4D1392}.Debug|Any CPU.Build.0 = Debug|Any CPU
		{FED47ECB-4C99-49BE-8372-03909A4D1392}.Release|Any CPU.ActiveCfg = Release|Any CPU
		{FED47ECB-4C99-49BE-8372-03909A4D1392}.Release|Any CPU.Build.0 = Release|Any CPU
		{29FD6DAF-7E01-4712-BD45-10611BC52348}.Debug|Any CPU.ActiveCfg = Debug|Any CPU
		{29FD6DAF-7E01-4712-BD45-10611BC52348}.Debug|Any CPU.Build.0 = Debug|Any CPU
		{29FD6DAF-7E01-4712-BD45-10611BC52348}.Release|Any CPU.ActiveCfg = Release|Any CPU
		{29FD6DAF-7E01-4712-BD45-10611BC52348}.Release|Any CPU.Build.0 = Release|Any CPU
		{26E46783-1CC1-45FD-844D-2FFEB6CE8EA6}.Debug|Any CPU.ActiveCfg = Debug|Any CPU
		{26E46783-1CC1-45FD-844D-2FFEB6CE8EA6}.Debug|Any CPU.Build.0 = Debug|Any CPU
		{26E46783-1CC1-45FD-844D-2FFEB6CE8EA6}.Release|Any CPU.ActiveCfg = Release|Any CPU
		{26E46783-1CC1-45FD-844D-2FFEB6CE8EA6}.Release|Any CPU.Build.0 = Release|Any CPU
		{2B05B71C-6926-43FB-9D75-96C3736A3506}.Debug|Any CPU.ActiveCfg = Debug|Any CPU
		{2B05B71C-6926-43FB-9D75-96C3736A3506}.Debug|Any CPU.Build.0 = Debug|Any CPU
		{2B05B71C-6926-43FB-9D75-96C3736A3506}.Release|Any CPU.ActiveCfg = Release|Any CPU
		{2B05B71C-6926-43FB-9D75-96C3736A3506}.Release|Any CPU.Build.0 = Release|Any CPU
		{44803AA3-E324-41E5-B08A-FBD5D9B524F2}.Debug|Any CPU.ActiveCfg = Debug|Any CPU
		{44803AA3-E324-41E5-B08A-FBD5D9B524F2}.Debug|Any CPU.Build.0 = Debug|Any CPU
		{44803AA3-E324-41E5-B08A-FBD5D9B524F2}.Release|Any CPU.ActiveCfg = Release|Any CPU
		{44803AA3-E324-41E5-B08A-FBD5D9B524F2}.Release|Any CPU.Build.0 = Release|Any CPU
		{92D94365-629F-49FA-88FB-ECA0A57AC1FB}.Debug|Any CPU.ActiveCfg = Debug|Any CPU
		{92D94365-629F-49FA-88FB-ECA0A57AC1FB}.Debug|Any CPU.Build.0 = Debug|Any CPU
		{92D94365-629F-49FA-88FB-ECA0A57AC1FB}.Release|Any CPU.ActiveCfg = Release|Any CPU
		{92D94365-629F-49FA-88FB-ECA0A57AC1FB}.Release|Any CPU.Build.0 = Release|Any CPU
		{F56730CB-9C4F-4A1F-9988-681A08CA98FD}.Debug|Any CPU.ActiveCfg = Debug|Any CPU
		{F56730CB-9C4F-4A1F-9988-681A08CA98FD}.Debug|Any CPU.Build.0 = Debug|Any CPU
		{F56730CB-9C4F-4A1F-9988-681A08CA98FD}.Release|Any CPU.ActiveCfg = Release|Any CPU
		{F56730CB-9C4F-4A1F-9988-681A08CA98FD}.Release|Any CPU.Build.0 = Release|Any CPU
		{BED76A53-FCC3-44CE-AA21-40CCC8C155E2}.Debug|Any CPU.ActiveCfg = Debug|Any CPU
		{BED76A53-FCC3-44CE-AA21-40CCC8C155E2}.Debug|Any CPU.Build.0 = Debug|Any CPU
		{BED76A53-FCC3-44CE-AA21-40CCC8C155E2}.Release|Any CPU.ActiveCfg = Release|Any CPU
		{BED76A53-FCC3-44CE-AA21-40CCC8C155E2}.Release|Any CPU.Build.0 = Release|Any CPU
		{668427B6-BCD2-4083-8407-F4AA50A1F277}.Debug|Any CPU.ActiveCfg = Debug|Any CPU
		{668427B6-BCD2-4083-8407-F4AA50A1F277}.Debug|Any CPU.Build.0 = Debug|Any CPU
		{668427B6-BCD2-4083-8407-F4AA50A1F277}.Release|Any CPU.ActiveCfg = Release|Any CPU
		{668427B6-BCD2-4083-8407-F4AA50A1F277}.Release|Any CPU.Build.0 = Release|Any CPU
		{7478ADE0-2D96-4BE2-B6FB-364479577A59}.Debug|Any CPU.ActiveCfg = Debug|Any CPU
		{7478ADE0-2D96-4BE2-B6FB-364479577A59}.Debug|Any CPU.Build.0 = Debug|Any CPU
		{7478ADE0-2D96-4BE2-B6FB-364479577A59}.Release|Any CPU.ActiveCfg = Release|Any CPU
		{7478ADE0-2D96-4BE2-B6FB-364479577A59}.Release|Any CPU.Build.0 = Release|Any CPU
		{CA01C29D-A021-4C1A-9D57-08EDC6A25839}.Debug|Any CPU.ActiveCfg = Debug|Any CPU
		{CA01C29D-A021-4C1A-9D57-08EDC6A25839}.Debug|Any CPU.Build.0 = Debug|Any CPU
		{CA01C29D-A021-4C1A-9D57-08EDC6A25839}.Release|Any CPU.ActiveCfg = Release|Any CPU
		{CA01C29D-A021-4C1A-9D57-08EDC6A25839}.Release|Any CPU.Build.0 = Release|Any CPU
		{BE3C5BD5-81C4-41A3-A854-C2399AF383D7}.Debug|Any CPU.ActiveCfg = Debug|Any CPU
		{BE3C5BD5-81C4-41A3-A854-C2399AF383D7}.Debug|Any CPU.Build.0 = Debug|Any CPU
		{BE3C5BD5-81C4-41A3-A854-C2399AF383D7}.Release|Any CPU.ActiveCfg = Release|Any CPU
		{BE3C5BD5-81C4-41A3-A854-C2399AF383D7}.Release|Any CPU.Build.0 = Release|Any CPU
		{20E71B5F-E826-45DA-8F95-E8F04E51CCFC}.Debug|Any CPU.ActiveCfg = Debug|Any CPU
		{20E71B5F-E826-45DA-8F95-E8F04E51CCFC}.Debug|Any CPU.Build.0 = Debug|Any CPU
		{20E71B5F-E826-45DA-8F95-E8F04E51CCFC}.Release|Any CPU.ActiveCfg = Release|Any CPU
		{20E71B5F-E826-45DA-8F95-E8F04E51CCFC}.Release|Any CPU.Build.0 = Release|Any CPU
		{DF5ACC32-7F8B-45C9-8328-926C6834A267}.Debug|Any CPU.ActiveCfg = Debug|Any CPU
		{DF5ACC32-7F8B-45C9-8328-926C6834A267}.Debug|Any CPU.Build.0 = Debug|Any CPU
		{DF5ACC32-7F8B-45C9-8328-926C6834A267}.Release|Any CPU.ActiveCfg = Release|Any CPU
		{DF5ACC32-7F8B-45C9-8328-926C6834A267}.Release|Any CPU.Build.0 = Release|Any CPU
		{D8A63C26-A06A-4C77-9841-B55358ED022C}.Debug|Any CPU.ActiveCfg = Debug|Any CPU
		{D8A63C26-A06A-4C77-9841-B55358ED022C}.Debug|Any CPU.Build.0 = Debug|Any CPU
		{D8A63C26-A06A-4C77-9841-B55358ED022C}.Release|Any CPU.ActiveCfg = Release|Any CPU
		{D8A63C26-A06A-4C77-9841-B55358ED022C}.Release|Any CPU.Build.0 = Release|Any CPU
		{F437B341-532F-4095-B5A0-1C0C7C247619}.Debug|Any CPU.ActiveCfg = Debug|Any CPU
		{F437B341-532F-4095-B5A0-1C0C7C247619}.Debug|Any CPU.Build.0 = Debug|Any CPU
		{F437B341-532F-4095-B5A0-1C0C7C247619}.Release|Any CPU.ActiveCfg = Release|Any CPU
		{F437B341-532F-4095-B5A0-1C0C7C247619}.Release|Any CPU.Build.0 = Release|Any CPU
		{3D5D6DDC-43DA-4098-9FC0-FCA0A2A0A05C}.Debug|Any CPU.ActiveCfg = Debug|Any CPU
		{3D5D6DDC-43DA-4098-9FC0-FCA0A2A0A05C}.Debug|Any CPU.Build.0 = Debug|Any CPU
		{3D5D6DDC-43DA-4098-9FC0-FCA0A2A0A05C}.Release|Any CPU.ActiveCfg = Release|Any CPU
		{3D5D6DDC-43DA-4098-9FC0-FCA0A2A0A05C}.Release|Any CPU.Build.0 = Release|Any CPU
		{0B731C40-086B-4BAD-87A3-05A119AD51D9}.Debug|Any CPU.ActiveCfg = Debug|Any CPU
		{0B731C40-086B-4BAD-87A3-05A119AD51D9}.Debug|Any CPU.Build.0 = Debug|Any CPU
		{0B731C40-086B-4BAD-87A3-05A119AD51D9}.Release|Any CPU.ActiveCfg = Release|Any CPU
		{0B731C40-086B-4BAD-87A3-05A119AD51D9}.Release|Any CPU.Build.0 = Release|Any CPU
		{4BF6C3BC-2DB4-4A84-B526-A2BF4D41DAA2}.Debug|Any CPU.ActiveCfg = Debug|Any CPU
		{4BF6C3BC-2DB4-4A84-B526-A2BF4D41DAA2}.Debug|Any CPU.Build.0 = Debug|Any CPU
		{4BF6C3BC-2DB4-4A84-B526-A2BF4D41DAA2}.Release|Any CPU.ActiveCfg = Release|Any CPU
		{4BF6C3BC-2DB4-4A84-B526-A2BF4D41DAA2}.Release|Any CPU.Build.0 = Release|Any CPU
		{6132EAC0-4175-4017-B2A7-87F7043BA96B}.Debug|Any CPU.ActiveCfg = Debug|Any CPU
		{6132EAC0-4175-4017-B2A7-87F7043BA96B}.Debug|Any CPU.Build.0 = Debug|Any CPU
		{6132EAC0-4175-4017-B2A7-87F7043BA96B}.Release|Any CPU.ActiveCfg = Release|Any CPU
		{6132EAC0-4175-4017-B2A7-87F7043BA96B}.Release|Any CPU.Build.0 = Release|Any CPU
		{69BEEF67-DDA1-4023-B2F6-F7BE93EB6872}.Debug|Any CPU.ActiveCfg = Debug|Any CPU
		{69BEEF67-DDA1-4023-B2F6-F7BE93EB6872}.Debug|Any CPU.Build.0 = Debug|Any CPU
		{69BEEF67-DDA1-4023-B2F6-F7BE93EB6872}.Release|Any CPU.ActiveCfg = Release|Any CPU
		{69BEEF67-DDA1-4023-B2F6-F7BE93EB6872}.Release|Any CPU.Build.0 = Release|Any CPU
		{C87E5690-5271-4D10-8323-8460076799BD}.Debug|Any CPU.ActiveCfg = Debug|Any CPU
		{C87E5690-5271-4D10-8323-8460076799BD}.Debug|Any CPU.Build.0 = Debug|Any CPU
		{C87E5690-5271-4D10-8323-8460076799BD}.Release|Any CPU.ActiveCfg = Release|Any CPU
		{C87E5690-5271-4D10-8323-8460076799BD}.Release|Any CPU.Build.0 = Release|Any CPU
		{58011DCF-E17B-4DED-ADB8-6893B2233F40}.Debug|Any CPU.ActiveCfg = Debug|Any CPU
		{58011DCF-E17B-4DED-ADB8-6893B2233F40}.Debug|Any CPU.Build.0 = Debug|Any CPU
		{58011DCF-E17B-4DED-ADB8-6893B2233F40}.Release|Any CPU.ActiveCfg = Release|Any CPU
		{58011DCF-E17B-4DED-ADB8-6893B2233F40}.Release|Any CPU.Build.0 = Release|Any CPU
		{68E384A7-E485-4F21-BC0B-8D5CC2A6C27A}.Debug|Any CPU.ActiveCfg = Debug|Any CPU
		{68E384A7-E485-4F21-BC0B-8D5CC2A6C27A}.Debug|Any CPU.Build.0 = Debug|Any CPU
		{68E384A7-E485-4F21-BC0B-8D5CC2A6C27A}.Release|Any CPU.ActiveCfg = Release|Any CPU
		{68E384A7-E485-4F21-BC0B-8D5CC2A6C27A}.Release|Any CPU.Build.0 = Release|Any CPU
		{920276D4-20A3-40BF-8F1D-D16F2E35A60B}.Debug|Any CPU.ActiveCfg = Debug|Any CPU
		{920276D4-20A3-40BF-8F1D-D16F2E35A60B}.Debug|Any CPU.Build.0 = Debug|Any CPU
		{920276D4-20A3-40BF-8F1D-D16F2E35A60B}.Release|Any CPU.ActiveCfg = Release|Any CPU
		{920276D4-20A3-40BF-8F1D-D16F2E35A60B}.Release|Any CPU.Build.0 = Release|Any CPU
		{47568A8E-22AE-4074-A809-E936EDBC5A36}.Debug|Any CPU.ActiveCfg = Debug|Any CPU
		{47568A8E-22AE-4074-A809-E936EDBC5A36}.Debug|Any CPU.Build.0 = Debug|Any CPU
		{47568A8E-22AE-4074-A809-E936EDBC5A36}.Release|Any CPU.ActiveCfg = Release|Any CPU
		{47568A8E-22AE-4074-A809-E936EDBC5A36}.Release|Any CPU.Build.0 = Release|Any CPU
		{506F1C03-1C1D-4086-87E7-077D4E553198}.Debug|Any CPU.ActiveCfg = Debug|Any CPU
		{506F1C03-1C1D-4086-87E7-077D4E553198}.Debug|Any CPU.Build.0 = Debug|Any CPU
		{506F1C03-1C1D-4086-87E7-077D4E553198}.Release|Any CPU.ActiveCfg = Release|Any CPU
		{506F1C03-1C1D-4086-87E7-077D4E553198}.Release|Any CPU.Build.0 = Release|Any CPU
	EndGlobalSection
	GlobalSection(SolutionProperties) = preSolution
		HideSolutionNode = FALSE
	EndGlobalSection
	GlobalSection(NestedProjects) = preSolution
		{BF1BD815-8C34-4F35-A9F4-D0C96B66745E} = {02EA681E-C7D8-13C7-8484-4AC65E1B71E8}
		{85E0B990-C1F3-4C88-9F51-9291E7E432BB} = {02EA681E-C7D8-13C7-8484-4AC65E1B71E8}
		{B5B6A16A-197E-415E-9612-2F333FE9EAEE} = {1539A37C-4ADF-4303-9BC6-656967828B4A}
		{3519D66E-9FD1-4991-94DA-FBBFA78E1620} = {B5B6A16A-197E-415E-9612-2F333FE9EAEE}
		{A95C5267-D3BB-400D-AA35-A2298F91FD0B} = {B5B6A16A-197E-415E-9612-2F333FE9EAEE}
		{C7B56E6D-1E41-4BDA-AADC-5F219DA24805} = {B5B6A16A-197E-415E-9612-2F333FE9EAEE}
		{3E3A714D-BA80-4565-886D-68654D65D42D} = {B5B6A16A-197E-415E-9612-2F333FE9EAEE}
		{78A68CD3-748B-46AD-9695-FCCA7FDF1628} = {B5B6A16A-197E-415E-9612-2F333FE9EAEE}
		{C3DECCEE-D47E-47D1-B163-570F86C4F458} = {BF1BD815-8C34-4F35-A9F4-D0C96B66745E}
		{7CA8092D-748A-4C92-8BAE-D388045761EB} = {C3DECCEE-D47E-47D1-B163-570F86C4F458}
		{E1D992D6-561A-48A1-A17A-D6275E79D866} = {C3DECCEE-D47E-47D1-B163-570F86C4F458}
		{1DB34636-5565-48CE-88C2-1BB640CE8BA6} = {C3DECCEE-D47E-47D1-B163-570F86C4F458}
		{7A38090E-93AC-4CEA-8849-188D3C321AF6} = {C3DECCEE-D47E-47D1-B163-570F86C4F458}
		{E8BE4E1D-FF91-4890-B0A6-1CE0EA14C1D7} = {BF1BD815-8C34-4F35-A9F4-D0C96B66745E}
		{1BE776E9-8C21-4B79-9FAC-0ED8CAA54D8C} = {BF1BD815-8C34-4F35-A9F4-D0C96B66745E}
		{FED47ECB-4C99-49BE-8372-03909A4D1392} = {1BE776E9-8C21-4B79-9FAC-0ED8CAA54D8C}
		{29FD6DAF-7E01-4712-BD45-10611BC52348} = {1BE776E9-8C21-4B79-9FAC-0ED8CAA54D8C}
		{26E46783-1CC1-45FD-844D-2FFEB6CE8EA6} = {1BE776E9-8C21-4B79-9FAC-0ED8CAA54D8C}
		{2B05B71C-6926-43FB-9D75-96C3736A3506} = {1BE776E9-8C21-4B79-9FAC-0ED8CAA54D8C}
		{44803AA3-E324-41E5-B08A-FBD5D9B524F2} = {E8BE4E1D-FF91-4890-B0A6-1CE0EA14C1D7}
		{92D94365-629F-49FA-88FB-ECA0A57AC1FB} = {E8BE4E1D-FF91-4890-B0A6-1CE0EA14C1D7}
		{F56730CB-9C4F-4A1F-9988-681A08CA98FD} = {E8BE4E1D-FF91-4890-B0A6-1CE0EA14C1D7}
		{BED76A53-FCC3-44CE-AA21-40CCC8C155E2} = {E8BE4E1D-FF91-4890-B0A6-1CE0EA14C1D7}
		{404B3D45-86CC-4AEA-8C25-DC3001FA0671} = {85E0B990-C1F3-4C88-9F51-9291E7E432BB}
		{8B5FE50B-8FC2-429D-8B4F-1AAB134567F1} = {85E0B990-C1F3-4C88-9F51-9291E7E432BB}
		{7E6DF30B-20DB-43A1-AE6B-BAF812D82F83} = {85E0B990-C1F3-4C88-9F51-9291E7E432BB}
		{668427B6-BCD2-4083-8407-F4AA50A1F277} = {B5B6A16A-197E-415E-9612-2F333FE9EAEE}
		{7478ADE0-2D96-4BE2-B6FB-364479577A59} = {B5B6A16A-197E-415E-9612-2F333FE9EAEE}
		{CA01C29D-A021-4C1A-9D57-08EDC6A25839} = {B5B6A16A-197E-415E-9612-2F333FE9EAEE}
		{BE3C5BD5-81C4-41A3-A854-C2399AF383D7} = {B5B6A16A-197E-415E-9612-2F333FE9EAEE}
		{19A2EB00-706A-4161-A333-E23C6CAC3A51} = {BF1BD815-8C34-4F35-A9F4-D0C96B66745E}
		{20E71B5F-E826-45DA-8F95-E8F04E51CCFC} = {19A2EB00-706A-4161-A333-E23C6CAC3A51}
		{DF5ACC32-7F8B-45C9-8328-926C6834A267} = {19A2EB00-706A-4161-A333-E23C6CAC3A51}
		{D8A63C26-A06A-4C77-9841-B55358ED022C} = {19A2EB00-706A-4161-A333-E23C6CAC3A51}
		{F437B341-532F-4095-B5A0-1C0C7C247619} = {19A2EB00-706A-4161-A333-E23C6CAC3A51}
		{3814B4AA-0A42-4D0F-9072-75AD06BB2A1A} = {02EA681E-C7D8-13C7-8484-4AC65E1B71E8}
		{3D5D6DDC-43DA-4098-9FC0-FCA0A2A0A05C} = {E8BE4E1D-FF91-4890-B0A6-1CE0EA14C1D7}
		{0B731C40-086B-4BAD-87A3-05A119AD51D9} = {B5B6A16A-197E-415E-9612-2F333FE9EAEE}
		{4BF6C3BC-2DB4-4A84-B526-A2BF4D41DAA2} = {B5B6A16A-197E-415E-9612-2F333FE9EAEE}
		{6132EAC0-4175-4017-B2A7-87F7043BA96B} = {B5B6A16A-197E-415E-9612-2F333FE9EAEE}
		{69BEEF67-DDA1-4023-B2F6-F7BE93EB6872} = {B5B6A16A-197E-415E-9612-2F333FE9EAEE}
		{5E369B2F-FCCF-4034-ABB4-9B944CE00B61} = {3814B4AA-0A42-4D0F-9072-75AD06BB2A1A}
		{C87E5690-5271-4D10-8323-8460076799BD} = {5E369B2F-FCCF-4034-ABB4-9B944CE00B61}
		{58011DCF-E17B-4DED-ADB8-6893B2233F40} = {5E369B2F-FCCF-4034-ABB4-9B944CE00B61}
		{68E384A7-E485-4F21-BC0B-8D5CC2A6C27A} = {5E369B2F-FCCF-4034-ABB4-9B944CE00B61}
		{920276D4-20A3-40BF-8F1D-D16F2E35A60B} = {5E369B2F-FCCF-4034-ABB4-9B944CE00B61}
		{47568A8E-22AE-4074-A809-E936EDBC5A36} = {C3DECCEE-D47E-47D1-B163-570F86C4F458}
		{506F1C03-1C1D-4086-87E7-077D4E553198} = {B5B6A16A-197E-415E-9612-2F333FE9EAEE}
	EndGlobalSection
	GlobalSection(ExtensibilityGlobals) = postSolution
		SolutionGuid = {716AF2EB-FEFC-4AAE-A896-5C1B5CF339C9}
	EndGlobalSection
EndGlobal
